
Microsoft Visual Studio Solution File, Format Version 12.00
# Visual Studio Version 16
VisualStudioVersion = 16.0.31911.196
MinimumVisualStudioVersion = 10.0.40219.1
Project("{FAE04EC0-301F-11D3-BF4B-00C04F79EFBC}") = "WindowsFormsApp", "WindowsFormsApp\WindowsFormsApp.csproj", "{01D3D2F7-AAD2-4887-8439-D99A942CF8F7}"
EndProject
Global
	GlobalSection(SolutionConfigurationPlatforms) = preSolution
		Debug|Any CPU = Debug|Any CPU
		Release|Any CPU = Release|Any CPU
	EndGlobalSection
	GlobalSection(ProjectConfigurationPlatforms) = postSolution
		{01D3D2F7-AAD2-4887-8439-D99A942CF8F7}.Debug|Any CPU.ActiveCfg = Debug|Any CPU
		{01D3D2F7-AAD2-4887-8439-D99A942CF8F7}.Debug|Any CPU.Build.0 = Debug|Any CPU
		{01D3D2F7-AAD2-4887-8439-D99A942CF8F7}.Release|Any CPU.ActiveCfg = Release|Any CPU
		{01D3D2F7-AAD2-4887-8439-D99A942CF8F7}.Release|Any CPU.Build.0 = Release|Any CPU
	EndGlobalSection
	GlobalSection(SolutionProperties) = preSolution
		HideSolutionNode = FALSE
	EndGlobalSection
	GlobalSection(ExtensibilityGlobals) = postSolution
		SolutionGuid = {931E1EE2-0DC9-415A-B859-739900162917}
	EndGlobalSection
EndGlobal
